
Microsoft Visual Studio Solution File, Format Version 12.00
# Visual Studio Version 17
VisualStudioVersion = 17.8.34330.188
MinimumVisualStudioVersion = 10.0.40219.1
Project("{FAE04EC0-301F-11D3-BF4B-00C04F79EFBC}") = "ThreadClass", "ThreadClass\ThreadClass.csproj", "{77733BC8-CF49-42E7-A463-31E6A300DEF6}"
EndProject
Global
	GlobalSection(SolutionConfigurationPlatforms) = preSolution
		Debug|Any CPU = Debug|Any CPU
		Release|Any CPU = Release|Any CPU
	EndGlobalSection
	GlobalSection(ProjectConfigurationPlatforms) = postSolution
		{77733BC8-CF49-42E7-A463-31E6A300DEF6}.Debug|Any CPU.ActiveCfg = Debug|Any CPU
		{77733BC8-CF49-42E7-A463-31E6A300DEF6}.Debug|Any CPU.Build.0 = Debug|Any CPU
		{77733BC8-CF49-42E7-A463-31E6A300DEF6}.Release|Any CPU.ActiveCfg = Release|Any CPU
		{77733BC8-CF49-42E7-A463-31E6A300DEF6}.Release|Any CPU.Build.0 = Release|Any CPU
	EndGlobalSection
	GlobalSection(SolutionProperties) = preSolution
		HideSolutionNode = FALSE
	EndGlobalSection
	GlobalSection(ExtensibilityGlobals) = postSolution
		SolutionGuid = {E7A105BD-7E69-4C99-B81F-4445B008BBCB}
	EndGlobalSection
EndGlobal
